
Microsoft Visual Studio Solution File, Format Version 12.00
# Visual Studio Version 17
VisualStudioVersion = 17.1.31828.382
MinimumVisualStudioVersion = 10.0.40219.1
Project("{FAE04EC0-301F-11D3-BF4B-00C04F79EFBC}") = "ThemeConverter", "ThemeConverter\ThemeConverter.csproj", "{536AC885-EFA9-4510-AB88-B353757EB763}"
EndProject
Project("{2150E333-8FDC-42A3-9474-1A3956D46DE8}") = "Solution Items", "Solution Items", "{92C4121B-D1E7-431D-812C-838E45E7F740}"
	ProjectSection(SolutionItems) = preProject
		appveyor.yml = appveyor.yml
		README.md = README.md
	EndProjectSection
EndProject
Global
	GlobalSection(SolutionConfigurationPlatforms) = preSolution
		Debug|Any CPU = Debug|Any CPU
		Debug|x86 = Debug|x86
		Release|Any CPU = Release|Any CPU
		Release|x86 = Release|x86
	EndGlobalSection
	GlobalSection(ProjectConfigurationPlatforms) = postSolution
		{536AC885-EFA9-4510-AB88-B353757EB763}.Debug|Any CPU.ActiveCfg = Debug|Any CPU
		{536AC885-EFA9-4510-AB88-B353757EB763}.Debug|Any CPU.Build.0 = Debug|Any CPU
		{536AC885-EFA9-4510-AB88-B353757EB763}.Debug|x86.ActiveCfg = Debug|x86
		{536AC885-EFA9-4510-AB88-B353757EB763}.Debug|x86.Build.0 = Debug|x86
		{536AC885-EFA9-4510-AB88-B353757EB763}.Release|Any CPU.ActiveCfg = Release|Any CPU
		{536AC885-EFA9-4510-AB88-B353757EB763}.Release|Any CPU.Build.0 = Release|Any CPU
		{536AC885-EFA9-4510-AB88-B353757EB763}.Release|x86.ActiveCfg = Release|x86
		{536AC885-EFA9-4510-AB88-B353757EB763}.Release|x86.Build.0 = Release|x86
	EndGlobalSection
	GlobalSection(SolutionProperties) = preSolution
		HideSolutionNode = FALSE
	EndGlobalSection
	GlobalSection(ExtensibilityGlobals) = postSolution
		SolutionGuid = {963AEDAD-3AE5-4AF8-A17D-35AAF4826E3E}
	EndGlobalSection
EndGlobal
